
Microsoft Visual Studio Solution File, Format Version 12.00
# Visual Studio Version 16
VisualStudioVersion = 16.0.30611.23
MinimumVisualStudioVersion = 10.0.40219.1
Project("{FAE04EC0-301F-11D3-BF4B-00C04F79EFBC}") = "ClientServerLib", "ClientServerLib\ClientServerLib.csproj", "{2F05B766-25C5-48E4-810F-D5B1141CCC20}"
EndProject
Project("{FAE04EC0-301F-11D3-BF4B-00C04F79EFBC}") = "ClientServerLibTests", "..\ClientServerLibTests\ClientServerLibTests.csproj", "{2DD49BF2-4EA8-45F7-BC00-B1DEB8F585A3}"
EndProject
Global
	GlobalSection(SolutionConfigurationPlatforms) = preSolution
		Debug|Any CPU = Debug|Any CPU
		Release|Any CPU = Release|Any CPU
	EndGlobalSection
	GlobalSection(ProjectConfigurationPlatforms) = postSolution
		{2F05B766-25C5-48E4-810F-D5B1141CCC20}.Debug|Any CPU.ActiveCfg = Debug|Any CPU
		{2F05B766-25C5-48E4-810F-D5B1141CCC20}.Debug|Any CPU.Build.0 = Debug|Any CPU
		{2F05B766-25C5-48E4-810F-D5B1141CCC20}.Release|Any CPU.ActiveCfg = Release|Any CPU
		{2F05B766-25C5-48E4-810F-D5B1141CCC20}.Release|Any CPU.Build.0 = Release|Any CPU
		{2DD49BF2-4EA8-45F7-BC00-B1DEB8F585A3}.Debug|Any CPU.ActiveCfg = Debug|Any CPU
		{2DD49BF2-4EA8-45F7-BC00-B1DEB8F585A3}.Debug|Any CPU.Build.0 = Debug|Any CPU
		{2DD49BF2-4EA8-45F7-BC00-B1DEB8F585A3}.Release|Any CPU.ActiveCfg = Release|Any CPU
		{2DD49BF2-4EA8-45F7-BC00-B1DEB8F585A3}.Release|Any CPU.Build.0 = Release|Any CPU
	EndGlobalSection
	GlobalSection(SolutionProperties) = preSolution
		HideSolutionNode = FALSE
	EndGlobalSection
	GlobalSection(ExtensibilityGlobals) = postSolution
		SolutionGuid = {C7633CBD-0C7B-464D-A500-2C8F1779ADC6}
	EndGlobalSection
EndGlobal
